// !$*UTF8*$!
{
	archiveVersion = 1;
	classes = {
	};
	objectVersion = 55;
	objects = {

/* Begin PBXBuildFile section */
		0429FF3D29928126005580DF /* AppDelegate.swift in Sources */ = {isa = PBXBuildFile; fileRef = 0429FF3C29928126005580DF /* AppDelegate.swift */; };
		0429FF3F29928126005580DF /* SceneDelegate.swift in Sources */ = {isa = PBXBuildFile; fileRef = 0429FF3E29928126005580DF /* SceneDelegate.swift */; };
		0429FF4129928126005580DF /* ViewController.swift in Sources */ = {isa = PBXBuildFile; fileRef = 0429FF4029928126005580DF /* ViewController.swift */; };
		0429FF4429928126005580DF /* Main.storyboard in Resources */ = {isa = PBXBuildFile; fileRef = 0429FF4229928126005580DF /* Main.storyboard */; };
		0429FF4629928128005580DF /* Assets.xcassets in Resources */ = {isa = PBXBuildFile; fileRef = 0429FF4529928128005580DF /* Assets.xcassets */; };
		0429FF4929928128005580DF /* LaunchScreen.storyboard in Resources */ = {isa = PBXBuildFile; fileRef = 0429FF4729928128005580DF /* LaunchScreen.storyboard */; };
		0429FF5429928129005580DF /* ForwardDatapassingTests.swift in Sources */ = {isa = PBXBuildFile; fileRef = 0429FF5329928129005580DF /* ForwardDatapassingTests.swift */; };
		0429FF5E29928129005580DF /* ForwardDatapassingUITests.swift in Sources */ = {isa = PBXBuildFile; fileRef = 0429FF5D29928129005580DF /* ForwardDatapassingUITests.swift */; };
		0429FF6029928129005580DF /* ForwardDatapassingUITestsLaunchTests.swift in Sources */ = {isa = PBXBuildFile; fileRef = 0429FF5F29928129005580DF /* ForwardDatapassingUITestsLaunchTests.swift */; };
		0429FF6D2992827D005580DF /* SecondViewController.swift in Sources */ = {isa = PBXBuildFile; fileRef = 0429FF6C2992827D005580DF /* SecondViewController.swift */; };
/* End PBXBuildFile section */

/* Begin PBXContainerItemProxy section */
		0429FF5029928129005580DF /* PBXContainerItemProxy */ = {
			isa = PBXContainerItemProxy;
			containerPortal = 0429FF3129928126005580DF /* Project object */;
			proxyType = 1;
			remoteGlobalIDString = 0429FF3829928126005580DF;
			remoteInfo = ForwardDatapassing;
		};
		0429FF5A29928129005580DF /* PBXContainerItemProxy */ = {
			isa = PBXContainerItemProxy;
			containerPortal = 0429FF3129928126005580DF /* Project object */;
			proxyType = 1;
			remoteGlobalIDString = 0429FF3829928126005580DF;
			remoteInfo = ForwardDatapassing;
		};
/* End PBXContainerItemProxy section */

/* Begin PBXFileReference section */
		0429FF3929928126005580DF /* ForwardDatapassing.app */ = {isa = PBXFileReference; explicitFileType = wrapper.application; includeInIndex = 0; path = ForwardDatapassing.app; sourceTree = BUILT_PRODUCTS_DIR; };
		0429FF3C29928126005580DF /* AppDelegate.swift */ = {isa = PBXFileReference; lastKnownFileType = sourcecode.swift; path = AppDelegate.swift; sourceTree = "<group>"; };
		0429FF3E29928126005580DF /* SceneDelegate.swift */ = {isa = PBXFileReference; lastKnownFileType = sourcecode.swift; path = SceneDelegate.swift; sourceTree = "<group>"; };
		0429FF4029928126005580DF /* ViewController.swift */ = {isa = PBXFileReference; lastKnownFileType = sourcecode.swift; path = ViewController.swift; sourceTree = "<group>"; };
		0429FF4329928126005580DF /* Base */ = {isa = PBXFileReference; lastKnownFileType = file.storyboard; name = Base; path = Base.lproj/Main.storyboard; sourceTree = "<group>"; };
		0429FF4529928128005580DF /* Assets.xcassets */ = {isa = PBXFileReference; lastKnownFileType = folder.assetcatalog; path = Assets.xcassets; sourceTree = "<group>"; };
		0429FF4829928128005580DF /* Base */ = {isa = PBXFileReference; lastKnownFileType = file.storyboard; name = Base; path = Base.lproj/LaunchScreen.storyboard; sourceTree = "<group>"; };
		0429FF4A29928128005580DF /* Info.plist */ = {isa = PBXFileReference; lastKnownFileType = text.plist.xml; path = Info.plist; sourceTree = "<group>"; };
		0429FF4F29928129005580DF /* ForwardDatapassingTests.xctest */ = {isa = PBXFileReference; explicitFileType = wrapper.cfbundle; includeInIndex = 0; path = ForwardDatapassingTests.xctest; sourceTree = BUILT_PRODUCTS_DIR; };
		0429FF5329928129005580DF /* ForwardDatapassingTests.swift */ = {isa = PBXFileReference; lastKnownFileType = sourcecode.swift; path = ForwardDatapassingTests.swift; sourceTree = "<group>"; };
		0429FF5929928129005580DF /* ForwardDatapassingUITests.xctest */ = {isa = PBXFileReference; explicitFileType = wrapper.cfbundle; includeInIndex = 0; path = ForwardDatapassingUITests.xctest; sourceTree = BUILT_PRODUCTS_DIR; };
		0429FF5D29928129005580DF /* ForwardDatapassingUITests.swift */ = {isa = PBXFileReference; lastKnownFileType = sourcecode.swift; path = ForwardDatapassingUITests.swift; sourceTree = "<group>"; };
		0429FF5F29928129005580DF /* ForwardDatapassingUITestsLaunchTests.swift */ = {isa = PBXFileReference; lastKnownFileType = sourcecode.swift; path = ForwardDatapassingUITestsLaunchTests.swift; sourceTree = "<group>"; };
		0429FF6C2992827D005580DF /* SecondViewController.swift */ = {isa = PBXFileReference; lastKnownFileType = sourcecode.swift; path = SecondViewController.swift; sourceTree = "<group>"; };
/* End PBXFileReference section */

/* Begin PBXFrameworksBuildPhase section */
		0429FF3629928126005580DF /* Frameworks */ = {
			isa = PBXFrameworksBuildPhase;
			buildActionMask = 2147483647;
			files = (
			);
			runOnlyForDeploymentPostprocessing = 0;
		};
		0429FF4C29928129005580DF /* Frameworks */ = {
			isa = PBXFrameworksBuildPhase;
			buildActionMask = 2147483647;
			files = (
			);
			runOnlyForDeploymentPostprocessing = 0;
		};
		0429FF5629928129005580DF /* Frameworks */ = {
			isa = PBXFrameworksBuildPhase;
			buildActionMask = 2147483647;
			files = (
			);
			runOnlyForDeploymentPostprocessing = 0;
		};
/* End PBXFrameworksBuildPhase section */

/* Begin PBXGroup section */
		0429FF3029928126005580DF = {
			isa = PBXGroup;
			children = (
				0429FF3B29928126005580DF /* ForwardDatapassing */,
				0429FF5229928129005580DF /* ForwardDatapassingTests */,
				0429FF5C29928129005580DF /* ForwardDatapassingUITests */,
				0429FF3A29928126005580DF /* Products */,
			);
			sourceTree = "<group>";
		};
		0429FF3A29928126005580DF /* Products */ = {
			isa = PBXGroup;
			children = (
				0429FF3929928126005580DF /* ForwardDatapassing.app */,
				0429FF4F29928129005580DF /* ForwardDatapassingTests.xctest */,
				0429FF5929928129005580DF /* ForwardDatapassingUITests.xctest */,
			);
			name = Products;
			sourceTree = "<group>";
		};
		0429FF3B29928126005580DF /* ForwardDatapassing */ = {
			isa = PBXGroup;
			children = (
				0429FF3C29928126005580DF /* AppDelegate.swift */,
				0429FF3E29928126005580DF /* SceneDelegate.swift */,
				0429FF4029928126005580DF /* ViewController.swift */,
				0429FF4229928126005580DF /* Main.storyboard */,
				0429FF4529928128005580DF /* Assets.xcassets */,
				0429FF4729928128005580DF /* LaunchScreen.storyboard */,
				0429FF4A29928128005580DF /* Info.plist */,
				0429FF6C2992827D005580DF /* SecondViewController.swift */,
			);
			path = ForwardDatapassing;
			sourceTree = "<group>";
		};
		0429FF5229928129005580DF /* ForwardDatapassingTests */ = {
			isa = PBXGroup;
			children = (
				0429FF5329928129005580DF /* ForwardDatapassingTests.swift */,
			);
			path = ForwardDatapassingTests;
			sourceTree = "<group>";
		};
		0429FF5C29928129005580DF /* ForwardDatapassingUITests */ = {
			isa = PBXGroup;
			children = (
				0429FF5D29928129005580DF /* ForwardDatapassingUITests.swift */,
				0429FF5F29928129005580DF /* ForwardDatapassingUITestsLaunchTests.swift */,
			);
			path = ForwardDatapassingUITests;
			sourceTree = "<group>";
		};
/* End PBXGroup section */

/* Begin PBXNativeTarget section */
		0429FF3829928126005580DF /* ForwardDatapassing */ = {
			isa = PBXNativeTarget;
			buildConfigurationList = 0429FF6329928129005580DF /* Build configuration list for PBXNativeTarget "ForwardDatapassing" */;
			buildPhases = (
				0429FF3529928126005580DF /* Sources */,
				0429FF3629928126005580DF /* Frameworks */,
				0429FF3729928126005580DF /* Resources */,
			);
			buildRules = (
			);
			dependencies = (
			);
			name = ForwardDatapassing;
			productName = ForwardDatapassing;
			productReference = 0429FF3929928126005580DF /* ForwardDatapassing.app */;
			productType = "com.apple.product-type.application";
		};
		0429FF4E29928129005580DF /* ForwardDatapassingTests */ = {
			isa = PBXNativeTarget;
			buildConfigurationList = 0429FF6629928129005580DF /* Build configuration list for PBXNativeTarget "ForwardDatapassingTests" */;
			buildPhases = (
				0429FF4B29928129005580DF /* Sources */,
				0429FF4C29928129005580DF /* Frameworks */,
				0429FF4D29928129005580DF /* Resources */,
			);
			buildRules = (
			);
			dependencies = (
				0429FF5129928129005580DF /* PBXTargetDependency */,
			);
			name = ForwardDatapassingTests;
			productName = ForwardDatapassingTests;
			productReference = 0429FF4F29928129005580DF /* ForwardDatapassingTests.xctest */;
			productType = "com.apple.product-type.bundle.unit-test";
		};
		0429FF5829928129005580DF /* ForwardDatapassingUITests */ = {
			isa = PBXNativeTarget;
			buildConfigurationList = 0429FF6929928129005580DF /* Build configuration list for PBXNativeTarget "ForwardDatapassingUITests" */;
			buildPhases = (
				0429FF5529928129005580DF /* Sources */,
				0429FF5629928129005580DF /* Frameworks */,
				0429FF5729928129005580DF /* Resources */,
			);
			buildRules = (
			);
			dependencies = (
				0429FF5B29928129005580DF /* PBXTargetDependency */,
			);
			name = ForwardDatapassingUITests;
			productName = ForwardDatapassingUITests;
			productReference = 0429FF5929928129005580DF /* ForwardDatapassingUITests.xctest */;
			productType = "com.apple.product-type.bundle.ui-testing";
		};
/* End PBXNativeTarget section */

/* Begin PBXProject section */
		0429FF3129928126005580DF /* Project object */ = {
			isa = PBXProject;
			attributes = {
				BuildIndependentTargetsInParallel = 1;
				LastSwiftUpdateCheck = 1340;
				LastUpgradeCheck = 1340;
				TargetAttributes = {
					0429FF3829928126005580DF = {
						CreatedOnToolsVersion = 13.4.1;
					};
					0429FF4E29928129005580DF = {
						CreatedOnToolsVersion = 13.4.1;
						TestTargetID = 0429FF3829928126005580DF;
					};
					0429FF5829928129005580DF = {
						CreatedOnToolsVersion = 13.4.1;
						TestTargetID = 0429FF3829928126005580DF;
					};
				};
			};
			buildConfigurationList = 0429FF3429928126005580DF /* Build configuration list for PBXProject "ForwardDatapassing" */;
			compatibilityVersion = "Xcode 13.0";
			developmentRegion = en;
			hasScannedForEncodings = 0;
			knownRegions = (
				en,
				Base,
			);
			mainGroup = 0429FF3029928126005580DF;
			productRefGroup = 0429FF3A29928126005580DF /* Products */;
			projectDirPath = "";
			projectRoot = "";
			targets = (
				0429FF3829928126005580DF /* ForwardDatapassing */,
				0429FF4E29928129005580DF /* ForwardDatapassingTests */,
				0429FF5829928129005580DF /* ForwardDatapassingUITests */,
			);
		};
/* End PBXProject section */

/* Begin PBXResourcesBuildPhase section */
		0429FF3729928126005580DF /* Resources */ = {
			isa = PBXResourcesBuildPhase;
			buildActionMask = 2147483647;
			files = (
				0429FF4929928128005580DF /* LaunchScreen.storyboard in Resources */,
				0429FF4629928128005580DF /* Assets.xcassets in Resources */,
				0429FF4429928126005580DF /* Main.storyboard in Resources */,
			);
			runOnlyForDeploymentPostprocessing = 0;
		};
		0429FF4D29928129005580DF /* Resources */ = {
			isa = PBXResourcesBuildPhase;
			buildActionMask = 2147483647;
			files = (
			);
			runOnlyForDeploymentPostprocessing = 0;
		};
		0429FF5729928129005580DF /* Resources */ = {
			isa = PBXResourcesBuildPhase;
			buildActionMask = 2147483647;
			files = (
			);
			runOnlyForDeploymentPostprocessing = 0;
		};
/* End PBXResourcesBuildPhase section */

/* Begin PBXSourcesBuildPhase section */
		0429FF3529928126005580DF /* Sources */ = {
			isa = PBXSourcesBuildPhase;
			buildActionMask = 2147483647;
			files = (
				0429FF6D2992827D005580DF /* SecondViewController.swift in Sources */,
				0429FF4129928126005580DF /* ViewController.swift in Sources */,
				0429FF3D29928126005580DF /* AppDelegate.swift in Sources */,
				0429FF3F29928126005580DF /* SceneDelegate.swift in Sources */,
			);
			runOnlyForDeploymentPostprocessing = 0;
		};
		0429FF4B29928129005580DF /* Sources */ = {
			isa = PBXSourcesBuildPhase;
			buildActionMask = 2147483647;
			files = (
				0429FF5429928129005580DF /* ForwardDatapassingTests.swift in Sources */,
			);
			runOnlyForDeploymentPostprocessing = 0;
		};
		0429FF5529928129005580DF /* Sources */ = {
			isa = PBXSourcesBuildPhase;
			buildActionMask = 2147483647;
			files = (
				0429FF6029928129005580DF /* ForwardDatapassingUITestsLaunchTests.swift in Sources */,
				0429FF5E29928129005580DF /* ForwardDatapassingUITests.swift in Sources */,
			);
			runOnlyForDeploymentPostprocessing = 0;
		};
/* End PBXSourcesBuildPhase section */

/* Begin PBXTargetDependency section */
		0429FF5129928129005580DF /* PBXTargetDependency */ = {
			isa = PBXTargetDependency;
			target = 0429FF3829928126005580DF /* ForwardDatapassing */;
			targetProxy = 0429FF5029928129005580DF /* PBXContainerItemProxy */;
		};
		0429FF5B29928129005580DF /* PBXTargetDependency */ = {
			isa = PBXTargetDependency;
			target = 0429FF3829928126005580DF /* ForwardDatapassing */;
			targetProxy = 0429FF5A29928129005580DF /* PBXContainerItemProxy */;
		};
/* End PBXTargetDependency section */

/* Begin PBXVariantGroup section */
		0429FF4229928126005580DF /* Main.storyboard */ = {
			isa = PBXVariantGroup;
			children = (
				0429FF4329928126005580DF /* Base */,
			);
			name = Main.storyboard;
			sourceTree = "<group>";
		};
		0429FF4729928128005580DF /* LaunchScreen.storyboard */ = {
			isa = PBXVariantGroup;
			children = (
				0429FF4829928128005580DF /* Base */,
			);
			name = LaunchScreen.storyboard;
			sourceTree = "<group>";
		};
/* End PBXVariantGroup section */

/* Begin XCBuildConfiguration section */
		0429FF6129928129005580DF /* Debug */ = {
			isa = XCBuildConfiguration;
			buildSettings = {
				ALWAYS_SEARCH_USER_PATHS = NO;
				CLANG_ANALYZER_NONNULL = YES;
				CLANG_ANALYZER_NUMBER_OBJECT_CONVERSION = YES_AGGRESSIVE;
				CLANG_CXX_LANGUAGE_STANDARD = "gnu++17";
				CLANG_ENABLE_MODULES = YES;
				CLANG_ENABLE_OBJC_ARC = YES;
				CLANG_ENABLE_OBJC_WEAK = YES;
				CLANG_WARN_BLOCK_CAPTURE_AUTORELEASING = YES;
				CLANG_WARN_BOOL_CONVERSION = YES;
				CLANG_WARN_COMMA = YES;
				CLANG_WARN_CONSTANT_CONVERSION = YES;
				CLANG_WARN_DEPRECATED_OBJC_IMPLEMENTATIONS = YES;
				CLANG_WARN_DIRECT_OBJC_ISA_USAGE = YES_ERROR;
				CLANG_WARN_DOCUMENTATION_COMMENTS = YES;
				CLANG_WARN_EMPTY_BODY = YES;
				CLANG_WARN_ENUM_CONVERSION = YES;
				CLANG_WARN_INFINITE_RECURSION = YES;
				CLANG_WARN_INT_CONVERSION = YES;
				CLANG_WARN_NON_LITERAL_NULL_CONVERSION = YES;
				CLANG_WARN_OBJC_IMPLICIT_RETAIN_SELF = YES;
				CLANG_WARN_OBJC_LITERAL_CONVERSION = YES;
				CLANG_WARN_OBJC_ROOT_CLASS = YES_ERROR;
				CLANG_WARN_QUOTED_INCLUDE_IN_FRAMEWORK_HEADER = YES;
				CLANG_WARN_RANGE_LOOP_ANALYSIS = YES;
				CLANG_WARN_STRICT_PROTOTYPES = YES;
				CLANG_WARN_SUSPICIOUS_MOVE = YES;
				CLANG_WARN_UNGUARDED_AVAILABILITY = YES_AGGRESSIVE;
				CLANG_WARN_UNREACHABLE_CODE = YES;
				CLANG_WARN__DUPLICATE_METHOD_MATCH = YES;
				COPY_PHASE_STRIP = NO;
				DEBUG_INFORMATION_FORMAT = dwarf;
				ENABLE_STRICT_OBJC_MSGSEND = YES;
				ENABLE_TESTABILITY = YES;
				GCC_C_LANGUAGE_STANDARD = gnu11;
				GCC_DYNAMIC_NO_PIC = NO;
				GCC_NO_COMMON_BLOCKS = YES;
				GCC_OPTIMIZATION_LEVEL = 0;
				GCC_PREPROCESSOR_DEFINITIONS = (
					"DEBUG=1",
					"$(inherited)",
				);
				GCC_WARN_64_TO_32_BIT_CONVERSION = YES;
				GCC_WARN_ABOUT_RETURN_TYPE = YES_ERROR;
				GCC_WARN_UNDECLARED_SELECTOR = YES;
				GCC_WARN_UNINITIALIZED_AUTOS = YES_AGGRESSIVE;
				GCC_WARN_UNUSED_FUNCTION = YES;
				GCC_WARN_UNUSED_VARIABLE = YES;
				IPHONEOS_DEPLOYMENT_TARGET = 15.5;
				MTL_ENABLE_DEBUG_INFO = INCLUDE_SOURCE;
				MTL_FAST_MATH = YES;
				ONLY_ACTIVE_ARCH = YES;
				SDKROOT = iphoneos;
				SWIFT_ACTIVE_COMPILATION_CONDITIONS = DEBUG;
				SWIFT_OPTIMIZATION_LEVEL = "-Onone";
			};
			name = Debug;
		};
		0429FF6229928129005580DF /* Release */ = {
			isa = XCBuildConfiguration;
			buildSettings = {
				ALWAYS_SEARCH_USER_PATHS = NO;
				CLANG_ANALYZER_NONNULL = YES;
				CLANG_ANALYZER_NUMBER_OBJECT_CONVERSION = YES_AGGRESSIVE;
				CLANG_CXX_LANGUAGE_STANDARD = "gnu++17";
				CLANG_ENABLE_MODULES = YES;
				CLANG_ENABLE_OBJC_ARC = YES;
				CLANG_ENABLE_OBJC_WEAK = YES;
				CLANG_WARN_BLOCK_CAPTURE_AUTORELEASING = YES;
				CLANG_WARN_BOOL_CONVERSION = YES;
				CLANG_WARN_COMMA = YES;
				CLANG_WARN_CONSTANT_CONVERSION = YES;
				CLANG_WARN_DEPRECATED_OBJC_IMPLEMENTATIONS = YES;
				CLANG_WARN_DIRECT_OBJC_ISA_USAGE = YES_ERROR;
				CLANG_WARN_DOCUMENTATION_COMMENTS = YES;
				CLANG_WARN_EMPTY_BODY = YES;
				CLANG_WARN_ENUM_CONVERSION = YES;
				CLANG_WARN_INFINITE_RECURSION = YES;
				CLANG_WARN_INT_CONVERSION = YES;
				CLANG_WARN_NON_LITERAL_NULL_CONVERSION = YES;
				CLANG_WARN_OBJC_IMPLICIT_RETAIN_SELF = YES;
				CLANG_WARN_OBJC_LITERAL_CONVERSION = YES;
				CLANG_WARN_OBJC_ROOT_CLASS = YES_ERROR;
				CLANG_WARN_QUOTED_INCLUDE_IN_FRAMEWORK_HEADER = YES;
				CLANG_WARN_RANGE_LOOP_ANALYSIS = YES;
				CLANG_WARN_STRICT_PROTOTYPES = YES;
				CLANG_WARN_SUSPICIOUS_MOVE = YES;
				CLANG_WARN_UNGUARDED_AVAILABILITY = YES_AGGRESSIVE;
				CLANG_WARN_UNREACHABLE_CODE = YES;
				CLANG_WARN__DUPLICATE_METHOD_MATCH = YES;
				COPY_PHASE_STRIP = NO;
				DEBUG_INFORMATION_FORMAT = "dwarf-with-dsym";
				ENABLE_NS_ASSERTIONS = NO;
				ENABLE_STRICT_OBJC_MSGSEND = YES;
				GCC_C_LANGUAGE_STANDARD = gnu11;
				GCC_NO_COMMON_BLOCKS = YES;
				GCC_WARN_64_TO_32_BIT_CONVERSION = YES;
				GCC_WARN_ABOUT_RETURN_TYPE = YES_ERROR;
				GCC_WARN_UNDECLARED_SELECTOR = YES;
				GCC_WARN_UNINITIALIZED_AUTOS = YES_AGGRESSIVE;
				GCC_WARN_UNUSED_FUNCTION = YES;
				GCC_WARN_UNUSED_VARIABLE = YES;
				IPHONEOS_DEPLOYMENT_TARGET = 15.5;
				MTL_ENABLE_DEBUG_INFO = NO;
				MTL_FAST_MATH = YES;
				SDKROOT = iphoneos;
				SWIFT_COMPILATION_MODE = wholemodule;
				SWIFT_OPTIMIZATION_LEVEL = "-O";
				VALIDATE_PRODUCT = YES;
			};
			name = Release;
		};
		0429FF6429928129005580DF /* Debug */ = {
			isa = XCBuildConfiguration;
			buildSettings = {
				ASSETCATALOG_COMPILER_APPICON_NAME = AppIcon;
				ASSETCATALOG_COMPILER_GLOBAL_ACCENT_COLOR_NAME = AccentColor;
				CODE_SIGN_STYLE = Automatic;
				CURRENT_PROJECT_VERSION = 1;
				GENERATE_INFOPLIST_FILE = YES;
				INFOPLIST_FILE = ForwardDatapassing/Info.plist;
				INFOPLIST_KEY_UIApplicationSupportsIndirectInputEvents = YES;
				INFOPLIST_KEY_UILaunchStoryboardName = LaunchScreen;
				INFOPLIST_KEY_UIMainStoryboardFile = Main;
				INFOPLIST_KEY_UISupportedInterfaceOrientations_iPad = "UIInterfaceOrientationPortrait UIInterfaceOrientationPortraitUpsideDown UIInterfaceOrientationLandscapeLeft UIInterfaceOrientationLandscapeRight";
				INFOPLIST_KEY_UISupportedInterfaceOrientations_iPhone = "UIInterfaceOrientationPortrait UIInterfaceOrientationLandscapeLeft UIInterfaceOrientationLandscapeRight";
				LD_RUNPATH_SEARCH_PATHS = (
					"$(inherited)",
					"@executable_path/Frameworks",
				);
				MARKETING_VERSION = 1.0;
				PRODUCT_BUNDLE_IDENTIFIER = swift.ForwardDatapassing;
				PRODUCT_NAME = "$(TARGET_NAME)";
				SWIFT_EMIT_LOC_STRINGS = YES;
				SWIFT_VERSION = 5.0;
				TARGETED_DEVICE_FAMILY = "1,2";
			};
			name = Debug;
		};
		0429FF6529928129005580DF /* Release */ = {
			isa = XCBuildConfiguration;
			buildSettings = {
				ASSETCATALOG_COMPILER_APPICON_NAME = AppIcon;
				ASSETCATALOG_COMPILER_GLOBAL_ACCENT_COLOR_NAME = AccentColor;
				CODE_SIGN_STYLE = Automatic;
				CURRENT_PROJECT_VERSION = 1;
				GENERATE_INFOPLIST_FILE = YES;
				INFOPLIST_FILE = ForwardDatapassing/Info.plist;
				INFOPLIST_KEY_UIApplicationSupportsIndirectInputEvents = YES;
				INFOPLIST_KEY_UILaunchStoryboardName = LaunchScreen;
				INFOPLIST_KEY_UIMainStoryboardFile = Main;
				INFOPLIST_KEY_UISupportedInterfaceOrientations_iPad = "UIInterfaceOrientationPortrait UIInterfaceOrientationPortraitUpsideDown UIInterfaceOrientationLandscapeLeft UIInterfaceOrientationLandscapeRight";
				INFOPLIST_KEY_UISupportedInterfaceOrientations_iPhone = "UIInterfaceOrientationPortrait UIInterfaceOrientationLandscapeLeft UIInterfaceOrientationLandscapeRight";
				LD_RUNPATH_SEARCH_PATHS = (
					"$(inherited)",
					"@executable_path/Frameworks",
				);
				MARKETING_VERSION = 1.0;
				PRODUCT_BUNDLE_IDENTIFIER = swift.ForwardDatapassing;
				PRODUCT_NAME = "$(TARGET_NAME)";
				SWIFT_EMIT_LOC_STRINGS = YES;
				SWIFT_VERSION = 5.0;
				TARGETED_DEVICE_FAMILY = "1,2";
			};
			name = Release;
		};
		0429FF6729928129005580DF /* Debug */ = {
			isa = XCBuildConfiguration;
			buildSettings = {
				ALWAYS_EMBED_SWIFT_STANDARD_LIBRARIES = YES;
				BUNDLE_LOADER = "$(TEST_HOST)";
				CODE_SIGN_STYLE = Automatic;
				CURRENT_PROJECT_VERSION = 1;
				GENERATE_INFOPLIST_FILE = YES;
				IPHONEOS_DEPLOYMENT_TARGET = 15.5;
				MARKETING_VERSION = 1.0;
				PRODUCT_BUNDLE_IDENTIFIER = swift.ForwardDatapassingTests;
				PRODUCT_NAME = "$(TARGET_NAME)";
				SWIFT_EMIT_LOC_STRINGS = NO;
				SWIFT_VERSION = 5.0;
				TARGETED_DEVICE_FAMILY = "1,2";
				TEST_HOST = "$(BUILT_PRODUCTS_DIR)/ForwardDatapassing.app/ForwardDatapassing";
			};
			name = Debug;
		};
		0429FF6829928129005580DF /* Release */ = {
			isa = XCBuildConfiguration;
			buildSettings = {
				ALWAYS_EMBED_SWIFT_STANDARD_LIBRARIES = YES;
				BUNDLE_LOADER = "$(TEST_HOST)";
				CODE_SIGN_STYLE = Automatic;
				CURRENT_PROJECT_VERSION = 1;
				GENERATE_INFOPLIST_FILE = YES;
				IPHONEOS_DEPLOYMENT_TARGET = 15.5;
				MARKETING_VERSION = 1.0;
				PRODUCT_BUNDLE_IDENTIFIER = swift.ForwardDatapassingTests;
				PRODUCT_NAME = "$(TARGET_NAME)";
				SWIFT_EMIT_LOC_STRINGS = NO;
				SWIFT_VERSION = 5.0;
				TARGETED_DEVICE_FAMILY = "1,2";
				TEST_HOST = "$(BUILT_PRODUCTS_DIR)/ForwardDatapassing.app/ForwardDatapassing";
			};
			name = Release;
		};
		0429FF6A29928129005580DF /* Debug */ = {
			isa = XCBuildConfiguration;
			buildSettings = {
				ALWAYS_EMBED_SWIFT_STANDARD_LIBRARIES = YES;
				CODE_SIGN_STYLE = Automatic;
				CURRENT_PROJECT_VERSION = 1;
				GENERATE_INFOPLIST_FILE = YES;
				MARKETING_VERSION = 1.0;
				PRODUCT_BUNDLE_IDENTIFIER = swift.ForwardDatapassingUITests;
				PRODUCT_NAME = "$(TARGET_NAME)";
				SWIFT_EMIT_LOC_STRINGS = NO;
				SWIFT_VERSION = 5.0;
				TARGETED_DEVICE_FAMILY = "1,2";
				TEST_TARGET_NAME = ForwardDatapassing;
			};
			name = Debug;
		};
		0429FF6B29928129005580DF /* Release */ = {
			isa = XCBuildConfiguration;
			buildSettings = {
				ALWAYS_EMBED_SWIFT_STANDARD_LIBRARIES = YES;
				CODE_SIGN_STYLE = Automatic;
				CURRENT_PROJECT_VERSION = 1;
				GENERATE_INFOPLIST_FILE = YES;
				MARKETING_VERSION = 1.0;
				PRODUCT_BUNDLE_IDENTIFIER = swift.ForwardDatapassingUITests;
				PRODUCT_NAME = "$(TARGET_NAME)";
				SWIFT_EMIT_LOC_STRINGS = NO;
				SWIFT_VERSION = 5.0;
				TARGETED_DEVICE_FAMILY = "1,2";
				TEST_TARGET_NAME = ForwardDatapassing;
			};
			name = Release;
		};
/* End XCBuildConfiguration section */

/* Begin XCConfigurationList section */
		0429FF3429928126005580DF /* Build configuration list for PBXProject "ForwardDatapassing" */ = {
			isa = XCConfigurationList;
			buildConfigurations = (
				0429FF6129928129005580DF /* Debug */,
				0429FF6229928129005580DF /* Release */,
			);
			defaultConfigurationIsVisible = 0;
			defaultConfigurationName = Release;
		};
		0429FF6329928129005580DF /* Build configuration list for PBXNativeTarget "ForwardDatapassing" */ = {
			isa = XCConfigurationList;
			buildConfigurations = (
				0429FF6429928129005580DF /* Debug */,
				0429FF6529928129005580DF /* Release */,
			);
			defaultConfigurationIsVisible = 0;
			defaultConfigurationName = Release;
		};
		0429FF6629928129005580DF /* Build configuration list for PBXNativeTarget "ForwardDatapassingTests" */ = {
			isa = XCConfigurationList;
			buildConfigurations = (
				0429FF6729928129005580DF /* Debug */,
				0429FF6829928129005580DF /* Release */,
			);
			defaultConfigurationIsVisible = 0;
			defaultConfigurationName = Release;
		};
		0429FF6929928129005580DF /* Build configuration list for PBXNativeTarget "ForwardDatapassingUITests" */ = {
			isa = XCConfigurationList;
			buildConfigurations = (
				0429FF6A29928129005580DF /* Debug */,
				0429FF6B29928129005580DF /* Release */,
			);
			defaultConfigurationIsVisible = 0;
			defaultConfigurationName = Release;
		};
/* End XCConfigurationList section */
	};
	rootObject = 0429FF3129928126005580DF /* Project object */;
}
